
Microsoft Visual Studio Solution File, Format Version 12.00
# Visual Studio 15
Project("{FAE04EC0-301F-11D3-BF4B-00C04F79EFBC}") = "Assembly-CSharp", "Assembly-CSharp.csproj", "{99594B6F-2DA0-2F56-2795-ED1EE8389117}"
EndProject
Project("{FAE04EC0-301F-11D3-BF4B-00C04F79EFBC}") = "Assembly-CSharp-Editor", "Assembly-CSharp-Editor.csproj", "{FA622FF3-2340-C647-7266-92118D92CDAF}"
EndProject
Global
	GlobalSection(SolutionConfigurationPlatforms) = preSolution
		Debug|Any CPU = Debug|Any CPU
		Release|Any CPU = Release|Any CPU
	EndGlobalSection
	GlobalSection(ProjectConfigurationPlatforms) = postSolution
		{99594B6F-2DA0-2F56-2795-ED1EE8389117}.Debug|Any CPU.ActiveCfg = Debug|Any CPU
		{99594B6F-2DA0-2F56-2795-ED1EE8389117}.Debug|Any CPU.Build.0 = Debug|Any CPU
		{99594B6F-2DA0-2F56-2795-ED1EE8389117}.Release|Any CPU.ActiveCfg = Release|Any CPU
		{99594B6F-2DA0-2F56-2795-ED1EE8389117}.Release|Any CPU.Build.0 = Release|Any CPU
		{FA622FF3-2340-C647-7266-92118D92CDAF}.Debug|Any CPU.ActiveCfg = Debug|Any CPU
		{FA622FF3-2340-C647-7266-92118D92CDAF}.Debug|Any CPU.Build.0 = Debug|Any CPU
		{FA622FF3-2340-C647-7266-92118D92CDAF}.Release|Any CPU.ActiveCfg = Release|Any CPU
		{FA622FF3-2340-C647-7266-92118D92CDAF}.Release|Any CPU.Build.0 = Release|Any CPU
	EndGlobalSection
	GlobalSection(SolutionProperties) = preSolution
		HideSolutionNode = FALSE
	EndGlobalSection
EndGlobal
